// !$*UTF8*$!
{
	archiveVersion = 1;
	classes = {
	};
	objectVersion = 50;
	objects = {

/* Begin PBXBuildFile section */
		4C0CDA6721A2D21F0022EC2C /* exercise3_21.c in Sources */ = {isa = PBXBuildFile; fileRef = 4C0CDA6621A2D21F0022EC2C /* exercise3_21.c */; };
		4C0CDA6A21A2DA1E0022EC2C /* exercise3_22.c in Sources */ = {isa = PBXBuildFile; fileRef = 4C0CDA6921A2DA1E0022EC2C /* exercise3_22.c */; };
		4C0CDA6D21A2DBFD0022EC2C /* exercise3_23.c in Sources */ = {isa = PBXBuildFile; fileRef = 4C0CDA6C21A2DBFD0022EC2C /* exercise3_23.c */; };
		4C0CDA7021A2DCF50022EC2C /* exercise3_24.c in Sources */ = {isa = PBXBuildFile; fileRef = 4C0CDA6F21A2DCF50022EC2C /* exercise3_24.c */; };
		4C0CDA7321A48FFF0022EC2C /* exercise3_25.c in Sources */ = {isa = PBXBuildFile; fileRef = 4C0CDA7221A48FFF0022EC2C /* exercise3_25.c */; };
		4C0CDA7621A4923B0022EC2C /* exercise3_26.c in Sources */ = {isa = PBXBuildFile; fileRef = 4C0CDA7521A4923B0022EC2C /* exercise3_26.c */; };
		4C0CDA7921A4965E0022EC2C /* exercise3_27.c in Sources */ = {isa = PBXBuildFile; fileRef = 4C0CDA7821A4965E0022EC2C /* exercise3_27.c */; };
		4C0CDA7F21A4B29D0022EC2C /* exercise3_28.c in Sources */ = {isa = PBXBuildFile; fileRef = 4C0CDA7E21A4B29D0022EC2C /* exercise3_28.c */; };
		4C2C17BF2198CA6100486B61 /* exercise2_26.c in Sources */ = {isa = PBXBuildFile; fileRef = 4C2C17BE2198CA6100486B61 /* exercise2_26.c */; };
		4C2C17C22198CC9600486B61 /* exercise2_27.c in Sources */ = {isa = PBXBuildFile; fileRef = 4C2C17C12198CC9600486B61 /* exercise2_27.c */; };
		4C2C17C52198CDF100486B61 /* exercise2_29.c in Sources */ = {isa = PBXBuildFile; fileRef = 4C2C17C42198CDF100486B61 /* exercise2_29.c */; };
		4C2C17C82198CE9F00486B61 /* exercise2_30.c in Sources */ = {isa = PBXBuildFile; fileRef = 4C2C17C72198CE9F00486B61 /* exercise2_30.c */; };
		4C2C17CB2198CEE800486B61 /* exercise2_31.c in Sources */ = {isa = PBXBuildFile; fileRef = 4C2C17CA2198CEE800486B61 /* exercise2_31.c */; };
		4C2C17CE21A110F300486B61 /* exercise3_17.c in Sources */ = {isa = PBXBuildFile; fileRef = 4C2C17CD21A110F300486B61 /* exercise3_17.c */; };
		4C2C17D121A2AFEB00486B61 /* exercise3_18.c in Sources */ = {isa = PBXBuildFile; fileRef = 4C2C17D021A2AFEB00486B61 /* exercise3_18.c */; };
		4C2C17D421A2B85200486B61 /* exercise3_19.c in Sources */ = {isa = PBXBuildFile; fileRef = 4C2C17D321A2B85200486B61 /* exercise3_19.c */; };
		4C2C17D721A2BAE600486B61 /* exercise3_20.c in Sources */ = {isa = PBXBuildFile; fileRef = 4C2C17D621A2BAE600486B61 /* exercise3_20.c */; };
		4C6D051121984D790067C57E /* main.c in Sources */ = {isa = PBXBuildFile; fileRef = 4C6D051021984D790067C57E /* main.c */; };
		4C6D051921984F670067C57E /* exercise2_16.c in Sources */ = {isa = PBXBuildFile; fileRef = 4C6D051821984F670067C57E /* exercise2_16.c */; };
		4C6D051E219851940067C57E /* exercise2_17.c in Sources */ = {isa = PBXBuildFile; fileRef = 4C6D051D219851940067C57E /* exercise2_17.c */; };
		4C6D0524219854BF0067C57E /* exercise2_18.c in Sources */ = {isa = PBXBuildFile; fileRef = 4C6D0523219854BF0067C57E /* exercise2_18.c */; };
		4C6D0527219859F40067C57E /* exercise2_19.c in Sources */ = {isa = PBXBuildFile; fileRef = 4C6D0526219859F40067C57E /* exercise2_19.c */; };
		4C6D052A21985AD20067C57E /* exercise2_20.c in Sources */ = {isa = PBXBuildFile; fileRef = 4C6D052921985AD20067C57E /* exercise2_20.c */; };
		4C6D052D21985B720067C57E /* exercise2_21.c in Sources */ = {isa = PBXBuildFile; fileRef = 4C6D052C21985B720067C57E /* exercise2_21.c */; };
		4C6D053021985C9B0067C57E /* exercise2_22.c in Sources */ = {isa = PBXBuildFile; fileRef = 4C6D052F21985C9B0067C57E /* exercise2_22.c */; };
		4C6D053321985DF80067C57E /* exercise2_23.c in Sources */ = {isa = PBXBuildFile; fileRef = 4C6D053221985DF80067C57E /* exercise2_23.c */; };
		4C6D053621985EE20067C57E /* exercise2_24.c in Sources */ = {isa = PBXBuildFile; fileRef = 4C6D053521985EE20067C57E /* exercise2_24.c */; };
		4C6D053921985FA20067C57E /* exercise2_25.c in Sources */ = {isa = PBXBuildFile; fileRef = 4C6D053821985FA20067C57E /* exercise2_25.c */; };
/* End PBXBuildFile section */

/* Begin PBXCopyFilesBuildPhase section */
		4C6D050B21984D790067C57E /* CopyFiles */ = {
			isa = PBXCopyFilesBuildPhase;
			buildActionMask = 2147483647;
			dstPath = /usr/share/man/man1/;
			dstSubfolderSpec = 0;
			files = (
			);
			runOnlyForDeploymentPostprocessing = 1;
		};
/* End PBXCopyFilesBuildPhase section */

/* Begin PBXFileReference section */
		4C0CDA6521A2D21F0022EC2C /* exercise3_21.h */ = {isa = PBXFileReference; lastKnownFileType = sourcecode.c.h; path = exercise3_21.h; sourceTree = "<group>"; };
		4C0CDA6621A2D21F0022EC2C /* exercise3_21.c */ = {isa = PBXFileReference; lastKnownFileType = sourcecode.c.c; path = exercise3_21.c; sourceTree = "<group>"; };
		4C0CDA6821A2DA1E0022EC2C /* exercise3_22.h */ = {isa = PBXFileReference; lastKnownFileType = sourcecode.c.h; path = exercise3_22.h; sourceTree = "<group>"; };
		4C0CDA6921A2DA1E0022EC2C /* exercise3_22.c */ = {isa = PBXFileReference; lastKnownFileType = sourcecode.c.c; path = exercise3_22.c; sourceTree = "<group>"; };
		4C0CDA6B21A2DBFD0022EC2C /* exercise3_23.h */ = {isa = PBXFileReference; lastKnownFileType = sourcecode.c.h; path = exercise3_23.h; sourceTree = "<group>"; };
		4C0CDA6C21A2DBFD0022EC2C /* exercise3_23.c */ = {isa = PBXFileReference; lastKnownFileType = sourcecode.c.c; path = exercise3_23.c; sourceTree = "<group>"; };
		4C0CDA6E21A2DCF50022EC2C /* exercise3_24.h */ = {isa = PBXFileReference; lastKnownFileType = sourcecode.c.h; path = exercise3_24.h; sourceTree = "<group>"; };
		4C0CDA6F21A2DCF50022EC2C /* exercise3_24.c */ = {isa = PBXFileReference; lastKnownFileType = sourcecode.c.c; path = exercise3_24.c; sourceTree = "<group>"; };
		4C0CDA7121A48FFF0022EC2C /* exercise3_25.h */ = {isa = PBXFileReference; lastKnownFileType = sourcecode.c.h; path = exercise3_25.h; sourceTree = "<group>"; };
		4C0CDA7221A48FFF0022EC2C /* exercise3_25.c */ = {isa = PBXFileReference; lastKnownFileType = sourcecode.c.c; path = exercise3_25.c; sourceTree = "<group>"; };
		4C0CDA7421A4923B0022EC2C /* exercise3_26.h */ = {isa = PBXFileReference; lastKnownFileType = sourcecode.c.h; path = exercise3_26.h; sourceTree = "<group>"; };
		4C0CDA7521A4923B0022EC2C /* exercise3_26.c */ = {isa = PBXFileReference; lastKnownFileType = sourcecode.c.c; path = exercise3_26.c; sourceTree = "<group>"; };
		4C0CDA7721A4965E0022EC2C /* exercise3_27.h */ = {isa = PBXFileReference; lastKnownFileType = sourcecode.c.h; path = exercise3_27.h; sourceTree = "<group>"; };
		4C0CDA7821A4965E0022EC2C /* exercise3_27.c */ = {isa = PBXFileReference; lastKnownFileType = sourcecode.c.c; path = exercise3_27.c; sourceTree = "<group>"; };
		4C0CDA7D21A4B29D0022EC2C /* exercise3_28.h */ = {isa = PBXFileReference; lastKnownFileType = sourcecode.c.h; path = exercise3_28.h; sourceTree = "<group>"; };
		4C0CDA7E21A4B29D0022EC2C /* exercise3_28.c */ = {isa = PBXFileReference; lastKnownFileType = sourcecode.c.c; path = exercise3_28.c; sourceTree = "<group>"; };
		4C2C17BD2198CA6100486B61 /* exercise2_26.h */ = {isa = PBXFileReference; lastKnownFileType = sourcecode.c.h; path = exercise2_26.h; sourceTree = "<group>"; };
		4C2C17BE2198CA6100486B61 /* exercise2_26.c */ = {isa = PBXFileReference; lastKnownFileType = sourcecode.c.c; path = exercise2_26.c; sourceTree = "<group>"; };
		4C2C17C02198CC9600486B61 /* exercise2_27.h */ = {isa = PBXFileReference; lastKnownFileType = sourcecode.c.h; path = exercise2_27.h; sourceTree = "<group>"; };
		4C2C17C12198CC9600486B61 /* exercise2_27.c */ = {isa = PBXFileReference; lastKnownFileType = sourcecode.c.c; path = exercise2_27.c; sourceTree = "<group>"; };
		4C2C17C32198CDF100486B61 /* exercise2_29.h */ = {isa = PBXFileReference; lastKnownFileType = sourcecode.c.h; path = exercise2_29.h; sourceTree = "<group>"; };
		4C2C17C42198CDF100486B61 /* exercise2_29.c */ = {isa = PBXFileReference; lastKnownFileType = sourcecode.c.c; path = exercise2_29.c; sourceTree = "<group>"; };
		4C2C17C62198CE9F00486B61 /* exercise2_30.h */ = {isa = PBXFileReference; lastKnownFileType = sourcecode.c.h; path = exercise2_30.h; sourceTree = "<group>"; };
		4C2C17C72198CE9F00486B61 /* exercise2_30.c */ = {isa = PBXFileReference; lastKnownFileType = sourcecode.c.c; path = exercise2_30.c; sourceTree = "<group>"; };
		4C2C17C92198CEE800486B61 /* exercise2_31.h */ = {isa = PBXFileReference; lastKnownFileType = sourcecode.c.h; path = exercise2_31.h; sourceTree = "<group>"; };
		4C2C17CA2198CEE800486B61 /* exercise2_31.c */ = {isa = PBXFileReference; lastKnownFileType = sourcecode.c.c; path = exercise2_31.c; sourceTree = "<group>"; };
		4C2C17CC21A110F300486B61 /* exercise3_17.h */ = {isa = PBXFileReference; lastKnownFileType = sourcecode.c.h; path = exercise3_17.h; sourceTree = "<group>"; };
		4C2C17CD21A110F300486B61 /* exercise3_17.c */ = {isa = PBXFileReference; lastKnownFileType = sourcecode.c.c; path = exercise3_17.c; sourceTree = "<group>"; };
		4C2C17CF21A2AFEB00486B61 /* exercise3_18.h */ = {isa = PBXFileReference; lastKnownFileType = sourcecode.c.h; path = exercise3_18.h; sourceTree = "<group>"; };
		4C2C17D021A2AFEB00486B61 /* exercise3_18.c */ = {isa = PBXFileReference; lastKnownFileType = sourcecode.c.c; path = exercise3_18.c; sourceTree = "<group>"; };
		4C2C17D221A2B85200486B61 /* exercise3_19.h */ = {isa = PBXFileReference; lastKnownFileType = sourcecode.c.h; path = exercise3_19.h; sourceTree = "<group>"; };
		4C2C17D321A2B85200486B61 /* exercise3_19.c */ = {isa = PBXFileReference; lastKnownFileType = sourcecode.c.c; path = exercise3_19.c; sourceTree = "<group>"; };
		4C2C17D521A2BAE600486B61 /* exercise3_20.h */ = {isa = PBXFileReference; lastKnownFileType = sourcecode.c.h; path = exercise3_20.h; sourceTree = "<group>"; };
		4C2C17D621A2BAE600486B61 /* exercise3_20.c */ = {isa = PBXFileReference; lastKnownFileType = sourcecode.c.c; path = exercise3_20.c; sourceTree = "<group>"; };
		4C6D050D21984D790067C57E /* C How To Program */ = {isa = PBXFileReference; explicitFileType = "compiled.mach-o.executable"; includeInIndex = 0; path = "C How To Program"; sourceTree = BUILT_PRODUCTS_DIR; };
		4C6D051021984D790067C57E /* main.c */ = {isa = PBXFileReference; lastKnownFileType = sourcecode.c.c; path = main.c; sourceTree = "<group>"; };
		4C6D051721984F670067C57E /* exercise2_16.h */ = {isa = PBXFileReference; lastKnownFileType = sourcecode.c.h; path = exercise2_16.h; sourceTree = "<group>"; };
		4C6D051821984F670067C57E /* exercise2_16.c */ = {isa = PBXFileReference; lastKnownFileType = sourcecode.c.c; path = exercise2_16.c; sourceTree = "<group>"; };
		4C6D051C219851940067C57E /* exercise2_17.h */ = {isa = PBXFileReference; lastKnownFileType = sourcecode.c.h; path = exercise2_17.h; sourceTree = "<group>"; };
		4C6D051D219851940067C57E /* exercise2_17.c */ = {isa = PBXFileReference; lastKnownFileType = sourcecode.c.c; path = exercise2_17.c; sourceTree = "<group>"; };
		4C6D0522219854BF0067C57E /* exercise2_18.h */ = {isa = PBXFileReference; lastKnownFileType = sourcecode.c.h; path = exercise2_18.h; sourceTree = "<group>"; };
		4C6D0523219854BF0067C57E /* exercise2_18.c */ = {isa = PBXFileReference; lastKnownFileType = sourcecode.c.c; path = exercise2_18.c; sourceTree = "<group>"; };
		4C6D0525219859F40067C57E /* exercise2_19.h */ = {isa = PBXFileReference; lastKnownFileType = sourcecode.c.h; path = exercise2_19.h; sourceTree = "<group>"; };
		4C6D0526219859F40067C57E /* exercise2_19.c */ = {isa = PBXFileReference; lastKnownFileType = sourcecode.c.c; path = exercise2_19.c; sourceTree = "<group>"; };
		4C6D052821985AD20067C57E /* exercise2_20.h */ = {isa = PBXFileReference; lastKnownFileType = sourcecode.c.h; path = exercise2_20.h; sourceTree = "<group>"; };
		4C6D052921985AD20067C57E /* exercise2_20.c */ = {isa = PBXFileReference; lastKnownFileType = sourcecode.c.c; path = exercise2_20.c; sourceTree = "<group>"; };
		4C6D052B21985B720067C57E /* exercise2_21.h */ = {isa = PBXFileReference; lastKnownFileType = sourcecode.c.h; path = exercise2_21.h; sourceTree = "<group>"; };
		4C6D052C21985B720067C57E /* exercise2_21.c */ = {isa = PBXFileReference; lastKnownFileType = sourcecode.c.c; path = exercise2_21.c; sourceTree = "<group>"; };
		4C6D052E21985C9B0067C57E /* exercise2_22.h */ = {isa = PBXFileReference; lastKnownFileType = sourcecode.c.h; path = exercise2_22.h; sourceTree = "<group>"; };
		4C6D052F21985C9B0067C57E /* exercise2_22.c */ = {isa = PBXFileReference; lastKnownFileType = sourcecode.c.c; path = exercise2_22.c; sourceTree = "<group>"; };
		4C6D053121985DF80067C57E /* exercise2_23.h */ = {isa = PBXFileReference; lastKnownFileType = sourcecode.c.h; path = exercise2_23.h; sourceTree = "<group>"; };
		4C6D053221985DF80067C57E /* exercise2_23.c */ = {isa = PBXFileReference; lastKnownFileType = sourcecode.c.c; path = exercise2_23.c; sourceTree = "<group>"; };
		4C6D053421985EE20067C57E /* exercise2_24.h */ = {isa = PBXFileReference; lastKnownFileType = sourcecode.c.h; path = exercise2_24.h; sourceTree = "<group>"; };
		4C6D053521985EE20067C57E /* exercise2_24.c */ = {isa = PBXFileReference; lastKnownFileType = sourcecode.c.c; path = exercise2_24.c; sourceTree = "<group>"; };
		4C6D053721985FA20067C57E /* exercise2_25.h */ = {isa = PBXFileReference; lastKnownFileType = sourcecode.c.h; path = exercise2_25.h; sourceTree = "<group>"; };
		4C6D053821985FA20067C57E /* exercise2_25.c */ = {isa = PBXFileReference; lastKnownFileType = sourcecode.c.c; path = exercise2_25.c; sourceTree = "<group>"; };
/* End PBXFileReference section */

/* Begin PBXFrameworksBuildPhase section */
		4C6D050A21984D790067C57E /* Frameworks */ = {
			isa = PBXFrameworksBuildPhase;
			buildActionMask = 2147483647;
			files = (
			);
			runOnlyForDeploymentPostprocessing = 0;
		};
/* End PBXFrameworksBuildPhase section */

/* Begin PBXGroup section */
		4C6D050421984D790067C57E = {
			isa = PBXGroup;
			children = (
				4C6D050F21984D790067C57E /* C How To Program */,
				4C6D050E21984D790067C57E /* Products */,
			);
			sourceTree = "<group>";
		};
		4C6D050E21984D790067C57E /* Products */ = {
			isa = PBXGroup;
			children = (
				4C6D050D21984D790067C57E /* C How To Program */,
			);
			name = Products;
			sourceTree = "<group>";
		};
		4C6D050F21984D790067C57E /* C How To Program */ = {
			isa = PBXGroup;
			children = (
				4C0CDA7E21A4B29D0022EC2C /* exercise3_28.c */,
				4C0CDA7821A4965E0022EC2C /* exercise3_27.c */,
				4C0CDA7521A4923B0022EC2C /* exercise3_26.c */,
				4C0CDA7221A48FFF0022EC2C /* exercise3_25.c */,
				4C0CDA6F21A2DCF50022EC2C /* exercise3_24.c */,
				4C0CDA6C21A2DBFD0022EC2C /* exercise3_23.c */,
				4C0CDA6921A2DA1E0022EC2C /* exercise3_22.c */,
				4C0CDA6621A2D21F0022EC2C /* exercise3_21.c */,
				4C2C17D621A2BAE600486B61 /* exercise3_20.c */,
				4C2C17D321A2B85200486B61 /* exercise3_19.c */,
				4C2C17D021A2AFEB00486B61 /* exercise3_18.c */,
				4C2C17CD21A110F300486B61 /* exercise3_17.c */,
				4C2C17CA2198CEE800486B61 /* exercise2_31.c */,
				4C2C17C72198CE9F00486B61 /* exercise2_30.c */,
				4C2C17C42198CDF100486B61 /* exercise2_29.c */,
				4C2C17C12198CC9600486B61 /* exercise2_27.c */,
				4C2C17BE2198CA6100486B61 /* exercise2_26.c */,
				4C6D053821985FA20067C57E /* exercise2_25.c */,
				4C6D053521985EE20067C57E /* exercise2_24.c */,
				4C6D053221985DF80067C57E /* exercise2_23.c */,
				4C6D052F21985C9B0067C57E /* exercise2_22.c */,
				4C6D052C21985B720067C57E /* exercise2_21.c */,
				4C6D052921985AD20067C57E /* exercise2_20.c */,
				4C6D0526219859F40067C57E /* exercise2_19.c */,
				4C6D0523219854BF0067C57E /* exercise2_18.c */,
				4C6D051D219851940067C57E /* exercise2_17.c */,
				4C6D051821984F670067C57E /* exercise2_16.c */,
				4C6D051021984D790067C57E /* main.c */,
				4C6D051B219851430067C57E /* Header Files */,
			);
			path = "C How To Program";
			sourceTree = "<group>";
		};
		4C6D051B219851430067C57E /* Header Files */ = {
			isa = PBXGroup;
			children = (
				4C0CDA7D21A4B29D0022EC2C /* exercise3_28.h */,
				4C0CDA7721A4965E0022EC2C /* exercise3_27.h */,
				4C0CDA7421A4923B0022EC2C /* exercise3_26.h */,
				4C0CDA7121A48FFF0022EC2C /* exercise3_25.h */,
				4C0CDA6E21A2DCF50022EC2C /* exercise3_24.h */,
				4C0CDA6B21A2DBFD0022EC2C /* exercise3_23.h */,
				4C0CDA6821A2DA1E0022EC2C /* exercise3_22.h */,
				4C0CDA6521A2D21F0022EC2C /* exercise3_21.h */,
				4C2C17D521A2BAE600486B61 /* exercise3_20.h */,
				4C2C17D221A2B85200486B61 /* exercise3_19.h */,
				4C2C17CF21A2AFEB00486B61 /* exercise3_18.h */,
				4C2C17CC21A110F300486B61 /* exercise3_17.h */,
				4C2C17C92198CEE800486B61 /* exercise2_31.h */,
				4C2C17C62198CE9F00486B61 /* exercise2_30.h */,
				4C2C17C32198CDF100486B61 /* exercise2_29.h */,
				4C2C17C02198CC9600486B61 /* exercise2_27.h */,
				4C2C17BD2198CA6100486B61 /* exercise2_26.h */,
				4C6D053721985FA20067C57E /* exercise2_25.h */,
				4C6D053421985EE20067C57E /* exercise2_24.h */,
				4C6D053121985DF80067C57E /* exercise2_23.h */,
				4C6D052E21985C9B0067C57E /* exercise2_22.h */,
				4C6D052B21985B720067C57E /* exercise2_21.h */,
				4C6D052821985AD20067C57E /* exercise2_20.h */,
				4C6D0525219859F40067C57E /* exercise2_19.h */,
				4C6D0522219854BF0067C57E /* exercise2_18.h */,
				4C6D051C219851940067C57E /* exercise2_17.h */,
				4C6D051721984F670067C57E /* exercise2_16.h */,
			);
			path = "Header Files";
			sourceTree = "<group>";
		};
/* End PBXGroup section */

/* Begin PBXNativeTarget section */
		4C6D050C21984D790067C57E /* C How To Program */ = {
			isa = PBXNativeTarget;
			buildConfigurationList = 4C6D051421984D790067C57E /* Build configuration list for PBXNativeTarget "C How To Program" */;
			buildPhases = (
				4C6D050921984D790067C57E /* Sources */,
				4C6D050A21984D790067C57E /* Frameworks */,
				4C6D050B21984D790067C57E /* CopyFiles */,
			);
			buildRules = (
			);
			dependencies = (
			);
			name = "C How To Program";
			productName = "C How To Program";
			productReference = 4C6D050D21984D790067C57E /* C How To Program */;
			productType = "com.apple.product-type.tool";
		};
/* End PBXNativeTarget section */

/* Begin PBXProject section */
		4C6D050521984D790067C57E /* Project object */ = {
			isa = PBXProject;
			attributes = {
				LastUpgradeCheck = 0940;
				ORGANIZATIONNAME = "Dingo Byte Solutions";
				TargetAttributes = {
					4C6D050C21984D790067C57E = {
						CreatedOnToolsVersion = 9.4;
					};
				};
			};
			buildConfigurationList = 4C6D050821984D790067C57E /* Build configuration list for PBXProject "C How To Program" */;
			compatibilityVersion = "Xcode 9.3";
			developmentRegion = en;
			hasScannedForEncodings = 0;
			knownRegions = (
				en,
			);
			mainGroup = 4C6D050421984D790067C57E;
			productRefGroup = 4C6D050E21984D790067C57E /* Products */;
			projectDirPath = "";
			projectRoot = "";
			targets = (
				4C6D050C21984D790067C57E /* C How To Program */,
			);
		};
/* End PBXProject section */

/* Begin PBXSourcesBuildPhase section */
		4C6D050921984D790067C57E /* Sources */ = {
			isa = PBXSourcesBuildPhase;
			buildActionMask = 2147483647;
			files = (
				4C6D053621985EE20067C57E /* exercise2_24.c in Sources */,
				4C0CDA6721A2D21F0022EC2C /* exercise3_21.c in Sources */,
				4C6D052D21985B720067C57E /* exercise2_21.c in Sources */,
				4C2C17D121A2AFEB00486B61 /* exercise3_18.c in Sources */,
				4C6D053921985FA20067C57E /* exercise2_25.c in Sources */,
				4C6D053321985DF80067C57E /* exercise2_23.c in Sources */,
				4C2C17D421A2B85200486B61 /* exercise3_19.c in Sources */,
				4C0CDA7921A4965E0022EC2C /* exercise3_27.c in Sources */,
				4C0CDA7021A2DCF50022EC2C /* exercise3_24.c in Sources */,
				4C2C17BF2198CA6100486B61 /* exercise2_26.c in Sources */,
				4C2C17C82198CE9F00486B61 /* exercise2_30.c in Sources */,
				4C2C17C22198CC9600486B61 /* exercise2_27.c in Sources */,
				4C6D0527219859F40067C57E /* exercise2_19.c in Sources */,
				4C6D051121984D790067C57E /* main.c in Sources */,
				4C6D0524219854BF0067C57E /* exercise2_18.c in Sources */,
				4C0CDA7F21A4B29D0022EC2C /* exercise3_28.c in Sources */,
				4C6D053021985C9B0067C57E /* exercise2_22.c in Sources */,
				4C6D051921984F670067C57E /* exercise2_16.c in Sources */,
				4C2C17CB2198CEE800486B61 /* exercise2_31.c in Sources */,
				4C0CDA6D21A2DBFD0022EC2C /* exercise3_23.c in Sources */,
				4C2C17D721A2BAE600486B61 /* exercise3_20.c in Sources */,
				4C0CDA7621A4923B0022EC2C /* exercise3_26.c in Sources */,
				4C0CDA6A21A2DA1E0022EC2C /* exercise3_22.c in Sources */,
				4C0CDA7321A48FFF0022EC2C /* exercise3_25.c in Sources */,
				4C6D052A21985AD20067C57E /* exercise2_20.c in Sources */,
				4C6D051E219851940067C57E /* exercise2_17.c in Sources */,
				4C2C17C52198CDF100486B61 /* exercise2_29.c in Sources */,
				4C2C17CE21A110F300486B61 /* exercise3_17.c in Sources */,
			);
			runOnlyForDeploymentPostprocessing = 0;
		};
/* End PBXSourcesBuildPhase section */

/* Begin XCBuildConfiguration section */
		4C6D051221984D790067C57E /* Debug */ = {
			isa = XCBuildConfiguration;
			buildSettings = {
				ALWAYS_SEARCH_USER_PATHS = NO;
				CLANG_ANALYZER_NONNULL = YES;
				CLANG_ANALYZER_NUMBER_OBJECT_CONVERSION = YES_AGGRESSIVE;
				CLANG_CXX_LANGUAGE_STANDARD = "gnu++14";
				CLANG_CXX_LIBRARY = "libc++";
				CLANG_ENABLE_MODULES = YES;
				CLANG_ENABLE_OBJC_ARC = YES;
				CLANG_ENABLE_OBJC_WEAK = YES;
				CLANG_WARN_BLOCK_CAPTURE_AUTORELEASING = YES;
				CLANG_WARN_BOOL_CONVERSION = YES;
				CLANG_WARN_COMMA = YES;
				CLANG_WARN_CONSTANT_CONVERSION = YES;
				CLANG_WARN_DEPRECATED_OBJC_IMPLEMENTATIONS = YES;
				CLANG_WARN_DIRECT_OBJC_ISA_USAGE = YES_ERROR;
				CLANG_WARN_DOCUMENTATION_COMMENTS = YES;
				CLANG_WARN_EMPTY_BODY = YES;
				CLANG_WARN_ENUM_CONVERSION = YES;
				CLANG_WARN_INFINITE_RECURSION = YES;
				CLANG_WARN_INT_CONVERSION = YES;
				CLANG_WARN_NON_LITERAL_NULL_CONVERSION = YES;
				CLANG_WARN_OBJC_IMPLICIT_RETAIN_SELF = YES;
				CLANG_WARN_OBJC_LITERAL_CONVERSION = YES;
				CLANG_WARN_OBJC_ROOT_CLASS = YES_ERROR;
				CLANG_WARN_RANGE_LOOP_ANALYSIS = YES;
				CLANG_WARN_STRICT_PROTOTYPES = YES;
				CLANG_WARN_SUSPICIOUS_MOVE = YES;
				CLANG_WARN_UNGUARDED_AVAILABILITY = YES_AGGRESSIVE;
				CLANG_WARN_UNREACHABLE_CODE = YES;
				CLANG_WARN__DUPLICATE_METHOD_MATCH = YES;
				CODE_SIGN_IDENTITY = "Mac Developer";
				COPY_PHASE_STRIP = NO;
				DEBUG_INFORMATION_FORMAT = dwarf;
				ENABLE_STRICT_OBJC_MSGSEND = YES;
				ENABLE_TESTABILITY = YES;
				GCC_C_LANGUAGE_STANDARD = gnu11;
				GCC_DYNAMIC_NO_PIC = NO;
				GCC_NO_COMMON_BLOCKS = YES;
				GCC_OPTIMIZATION_LEVEL = 0;
				GCC_PREPROCESSOR_DEFINITIONS = (
					"DEBUG=1",
					"$(inherited)",
				);
				GCC_WARN_64_TO_32_BIT_CONVERSION = YES;
				GCC_WARN_ABOUT_RETURN_TYPE = YES_ERROR;
				GCC_WARN_UNDECLARED_SELECTOR = YES;
				GCC_WARN_UNINITIALIZED_AUTOS = YES_AGGRESSIVE;
				GCC_WARN_UNUSED_FUNCTION = YES;
				GCC_WARN_UNUSED_VARIABLE = YES;
				MACOSX_DEPLOYMENT_TARGET = 10.13;
				MTL_ENABLE_DEBUG_INFO = YES;
				ONLY_ACTIVE_ARCH = YES;
				SDKROOT = macosx;
			};
			name = Debug;
		};
		4C6D051321984D790067C57E /* Release */ = {
			isa = XCBuildConfiguration;
			buildSettings = {
				ALWAYS_SEARCH_USER_PATHS = NO;
				CLANG_ANALYZER_NONNULL = YES;
				CLANG_ANALYZER_NUMBER_OBJECT_CONVERSION = YES_AGGRESSIVE;
				CLANG_CXX_LANGUAGE_STANDARD = "gnu++14";
				CLANG_CXX_LIBRARY = "libc++";
				CLANG_ENABLE_MODULES = YES;
				CLANG_ENABLE_OBJC_ARC = YES;
				CLANG_ENABLE_OBJC_WEAK = YES;
				CLANG_WARN_BLOCK_CAPTURE_AUTORELEASING = YES;
				CLANG_WARN_BOOL_CONVERSION = YES;
				CLANG_WARN_COMMA = YES;
				CLANG_WARN_CONSTANT_CONVERSION = YES;
				CLANG_WARN_DEPRECATED_OBJC_IMPLEMENTATIONS = YES;
				CLANG_WARN_DIRECT_OBJC_ISA_USAGE = YES_ERROR;
				CLANG_WARN_DOCUMENTATION_COMMENTS = YES;
				CLANG_WARN_EMPTY_BODY = YES;
				CLANG_WARN_ENUM_CONVERSION = YES;
				CLANG_WARN_INFINITE_RECURSION = YES;
				CLANG_WARN_INT_CONVERSION = YES;
				CLANG_WARN_NON_LITERAL_NULL_CONVERSION = YES;
				CLANG_WARN_OBJC_IMPLICIT_RETAIN_SELF = YES;
				CLANG_WARN_OBJC_LITERAL_CONVERSION = YES;
				CLANG_WARN_OBJC_ROOT_CLASS = YES_ERROR;
				CLANG_WARN_RANGE_LOOP_ANALYSIS = YES;
				CLANG_WARN_STRICT_PROTOTYPES = YES;
				CLANG_WARN_SUSPICIOUS_MOVE = YES;
				CLANG_WARN_UNGUARDED_AVAILABILITY = YES_AGGRESSIVE;
				CLANG_WARN_UNREACHABLE_CODE = YES;
				CLANG_WARN__DUPLICATE_METHOD_MATCH = YES;
				CODE_SIGN_IDENTITY = "Mac Developer";
				COPY_PHASE_STRIP = NO;
				DEBUG_INFORMATION_FORMAT = "dwarf-with-dsym";
				ENABLE_NS_ASSERTIONS = NO;
				ENABLE_STRICT_OBJC_MSGSEND = YES;
				GCC_C_LANGUAGE_STANDARD = gnu11;
				GCC_NO_COMMON_BLOCKS = YES;
				GCC_WARN_64_TO_32_BIT_CONVERSION = YES;
				GCC_WARN_ABOUT_RETURN_TYPE = YES_ERROR;
				GCC_WARN_UNDECLARED_SELECTOR = YES;
				GCC_WARN_UNINITIALIZED_AUTOS = YES_AGGRESSIVE;
				GCC_WARN_UNUSED_FUNCTION = YES;
				GCC_WARN_UNUSED_VARIABLE = YES;
				MACOSX_DEPLOYMENT_TARGET = 10.13;
				MTL_ENABLE_DEBUG_INFO = NO;
				SDKROOT = macosx;
			};
			name = Release;
		};
		4C6D051521984D790067C57E /* Debug */ = {
			isa = XCBuildConfiguration;
			buildSettings = {
				CODE_SIGN_STYLE = Automatic;
				DEVELOPMENT_TEAM = CVRH8526G2;
				PRODUCT_NAME = "$(TARGET_NAME)";
			};
			name = Debug;
		};
		4C6D051621984D790067C57E /* Release */ = {
			isa = XCBuildConfiguration;
			buildSettings = {
				CODE_SIGN_STYLE = Automatic;
				DEVELOPMENT_TEAM = CVRH8526G2;
				PRODUCT_NAME = "$(TARGET_NAME)";
			};
			name = Release;
		};
/* End XCBuildConfiguration section */

/* Begin XCConfigurationList section */
		4C6D050821984D790067C57E /* Build configuration list for PBXProject "C How To Program" */ = {
			isa = XCConfigurationList;
			buildConfigurations = (
				4C6D051221984D790067C57E /* Debug */,
				4C6D051321984D790067C57E /* Release */,
			);
			defaultConfigurationIsVisible = 0;
			defaultConfigurationName = Release;
		};
		4C6D051421984D790067C57E /* Build configuration list for PBXNativeTarget "C How To Program" */ = {
			isa = XCConfigurationList;
			buildConfigurations = (
				4C6D051521984D790067C57E /* Debug */,
				4C6D051621984D790067C57E /* Release */,
			);
			defaultConfigurationIsVisible = 0;
			defaultConfigurationName = Release;
		};
/* End XCConfigurationList section */
	};
	rootObject = 4C6D050521984D790067C57E /* Project object */;
}
